
Microsoft Visual Studio Solution File, Format Version 12.00
Project("{FAE04EC0-301F-11D3-BF4B-00C04F79EFBC}") = "FizzBuzz.Program", "FizzBuzz.Program\FizzBuzz.Program.csproj", "{D6F926B2-D7DA-4E72-87E1-647A6B43FD23}"
EndProject
Project("{FAE04EC0-301F-11D3-BF4B-00C04F79EFBC}") = "FizzBuzz.Test", "FizzBuzz.Test\FizzBuzz.Test.csproj", "{EAFE7E56-5F04-4481-ACE0-9353163DE9DE}"
EndProject
Global
	GlobalSection(SolutionConfigurationPlatforms) = preSolution
		Debug|Any CPU = Debug|Any CPU
		Release|Any CPU = Release|Any CPU
	EndGlobalSection
	GlobalSection(ProjectConfigurationPlatforms) = postSolution
		{D6F926B2-D7DA-4E72-87E1-647A6B43FD23}.Debug|Any CPU.ActiveCfg = Debug|Any CPU
		{D6F926B2-D7DA-4E72-87E1-647A6B43FD23}.Debug|Any CPU.Build.0 = Debug|Any CPU
		{D6F926B2-D7DA-4E72-87E1-647A6B43FD23}.Release|Any CPU.ActiveCfg = Release|Any CPU
		{D6F926B2-D7DA-4E72-87E1-647A6B43FD23}.Release|Any CPU.Build.0 = Release|Any CPU
		{EAFE7E56-5F04-4481-ACE0-9353163DE9DE}.Debug|Any CPU.ActiveCfg = Debug|Any CPU
		{EAFE7E56-5F04-4481-ACE0-9353163DE9DE}.Debug|Any CPU.Build.0 = Debug|Any CPU
		{EAFE7E56-5F04-4481-ACE0-9353163DE9DE}.Release|Any CPU.ActiveCfg = Release|Any CPU
		{EAFE7E56-5F04-4481-ACE0-9353163DE9DE}.Release|Any CPU.Build.0 = Release|Any CPU
	EndGlobalSection
EndGlobal
